
Microsoft Visual Studio Solution File, Format Version 12.00
# Visual Studio Version 16
VisualStudioVersion = 16.0.33423.256
MinimumVisualStudioVersion = 10.0.40219.1
Project("{FAE04EC0-301F-11D3-BF4B-00C04F79EFBC}") = "WindowsFormsApp1", "WindowsFormsApp1\WindowsFormsApp1.csproj", "{A2ACB4BF-94C7-4A2B-9C5F-CC7DE37272F4}"
EndProject
Global
	GlobalSection(SolutionConfigurationPlatforms) = preSolution
		Debug|Any CPU = Debug|Any CPU
		Release|Any CPU = Release|Any CPU
	EndGlobalSection
	GlobalSection(ProjectConfigurationPlatforms) = postSolution
		{A2ACB4BF-94C7-4A2B-9C5F-CC7DE37272F4}.Debug|Any CPU.ActiveCfg = Debug|Any CPU
		{A2ACB4BF-94C7-4A2B-9C5F-CC7DE37272F4}.Debug|Any CPU.Build.0 = Debug|Any CPU
		{A2ACB4BF-94C7-4A2B-9C5F-CC7DE37272F4}.Release|Any CPU.ActiveCfg = Release|Any CPU
		{A2ACB4BF-94C7-4A2B-9C5F-CC7DE37272F4}.Release|Any CPU.Build.0 = Release|Any CPU
	EndGlobalSection
	GlobalSection(SolutionProperties) = preSolution
		HideSolutionNode = FALSE
	EndGlobalSection
	GlobalSection(ExtensibilityGlobals) = postSolution
		SolutionGuid = {4A5786B2-3722-418B-BC2B-84729B6FE6FB}
	EndGlobalSection
EndGlobal
